
Microsoft Visual Studio Solution File, Format Version 10.00
# Visual C# Express 2008
Project("{FAE04EC0-301F-11D3-BF4B-00C04F79EFBC}") = "rpcjs_kviz", "rpcjs_kviz\rpcjs_kviz.csproj", "{306340FD-47E2-4B98-8BC7-802D3E97B825}"
EndProject
Project("{FAE04EC0-301F-11D3-BF4B-00C04F79EFBC}") = "rpcjs_data", "rpcjs_data\rpcjs_data.csproj", "{0C9A6865-9163-428D-B2B1-B79010BDE8D2}"
EndProject
Global
	GlobalSection(SolutionConfigurationPlatforms) = preSolution
		Debug|Any CPU = Debug|Any CPU
		Release|Any CPU = Release|Any CPU
	EndGlobalSection
	GlobalSection(ProjectConfigurationPlatforms) = postSolution
		{306340FD-47E2-4B98-8BC7-802D3E97B825}.Debug|Any CPU.ActiveCfg = Debug|Any CPU
		{306340FD-47E2-4B98-8BC7-802D3E97B825}.Debug|Any CPU.Build.0 = Debug|Any CPU
		{306340FD-47E2-4B98-8BC7-802D3E97B825}.Release|Any CPU.ActiveCfg = Release|Any CPU
		{306340FD-47E2-4B98-8BC7-802D3E97B825}.Release|Any CPU.Build.0 = Release|Any CPU
		{0C9A6865-9163-428D-B2B1-B79010BDE8D2}.Debug|Any CPU.ActiveCfg = Debug|Any CPU
		{0C9A6865-9163-428D-B2B1-B79010BDE8D2}.Debug|Any CPU.Build.0 = Debug|Any CPU
		{0C9A6865-9163-428D-B2B1-B79010BDE8D2}.Release|Any CPU.ActiveCfg = Release|Any CPU
		{0C9A6865-9163-428D-B2B1-B79010BDE8D2}.Release|Any CPU.Build.0 = Release|Any CPU
	EndGlobalSection
	GlobalSection(SolutionProperties) = preSolution
		HideSolutionNode = FALSE
	EndGlobalSection
EndGlobal
